{
  "version": 4,
  "terraform_version": "1.5.7",
  "serial": 4,
  "lineage": "ea140b74-81f7-7a17-50a3-2db36f4f80b9",
  "outputs": {
    "custom_domain": {
      "value": "sol-momma.com",
      "type": "string"
    },
    "pages_project_name": {
      "value": "sol-momma-world",
      "type": "string"
    },
    "pages_subdomain": {
      "value": "sol-momma-world.pages.dev",
      "type": "string"
    }
  },
  "resources": [
    {
      "mode": "managed",
      "type": "cloudflare_pages_domain",
      "name": "custom_domain",
      "provider": "provider[\"registry.terraform.io/cloudflare/cloudflare\"]",
      "instances": [
        {
          "schema_version": 1,
          "attributes": {
            "account_id": "ba0fa93b871f327da7e093da1c468bb6",
            "certificate_authority": "google",
            "created_on": "2026-04-05T02:11:01.878499Z",
            "domain_id": "4c0ec0dc-e3e5-4b11-a86b-f8d5a9f303ef",
            "id": "sol-momma.com",
            "name": "sol-momma.com",
            "project_name": "sol-momma-world",
            "status": "initializing",
            "validation_data": {
              "error_message": null,
              "method": "http",
              "status": "initializing",
              "txt_name": null,
              "txt_value": null
            },
            "verification_data": {
              "error_message": null,
              "status": "pending"
            },
            "zone_tag": null
          },
          "sensitive_attributes": [],
          "dependencies": [
            "cloudflare_pages_project.site"
          ]
        }
      ]
    }
  ],
  "check_results": null
}
